
Microsoft Visual Studio Solution File, Format Version 12.00
# Visual Studio Version 16
VisualStudioVersion = 16.0.35325.158
MinimumVisualStudioVersion = 10.0.40219.1
Project("{FAE04EC0-301F-11D3-BF4B-00C04F79EFBC}") = "Assignment1", "Assignment1\Assignment1.csproj", "{3ABAC96A-1915-4521-B2A5-7DE044571E40}"
EndProject
Global
	GlobalSection(SolutionConfigurationPlatforms) = preSolution
		Debug|Any CPU = Debug|Any CPU
		Release|Any CPU = Release|Any CPU
	EndGlobalSection
	GlobalSection(ProjectConfigurationPlatforms) = postSolution
		{3ABAC96A-1915-4521-B2A5-7DE044571E40}.Debug|Any CPU.ActiveCfg = Debug|Any CPU
		{3ABAC96A-1915-4521-B2A5-7DE044571E40}.Debug|Any CPU.Build.0 = Debug|Any CPU
		{3ABAC96A-1915-4521-B2A5-7DE044571E40}.Release|Any CPU.ActiveCfg = Release|Any CPU
		{3ABAC96A-1915-4521-B2A5-7DE044571E40}.Release|Any CPU.Build.0 = Release|Any CPU
	EndGlobalSection
	GlobalSection(SolutionProperties) = preSolution
		HideSolutionNode = FALSE
	EndGlobalSection
	GlobalSection(ExtensibilityGlobals) = postSolution
		SolutionGuid = {D692F76C-2E2B-4915-A243-44BC07A2CB5F}
	EndGlobalSection
EndGlobal
