
Microsoft Visual Studio Solution File, Format Version 12.00
# Visual Studio Version 16
VisualStudioVersion = 16.0.35325.158
MinimumVisualStudioVersion = 10.0.40219.1
Project("{FAE04EC0-301F-11D3-BF4B-00C04F79EFBC}") = "Assignment-6", "Assignment-6\Assignment-6.csproj", "{74A1B6BA-A2D6-4699-B4E4-45CEDE054315}"
EndProject
Global
	GlobalSection(SolutionConfigurationPlatforms) = preSolution
		Debug|Any CPU = Debug|Any CPU
		Release|Any CPU = Release|Any CPU
	EndGlobalSection
	GlobalSection(ProjectConfigurationPlatforms) = postSolution
		{74A1B6BA-A2D6-4699-B4E4-45CEDE054315}.Debug|Any CPU.ActiveCfg = Debug|Any CPU
		{74A1B6BA-A2D6-4699-B4E4-45CEDE054315}.Debug|Any CPU.Build.0 = Debug|Any CPU
		{74A1B6BA-A2D6-4699-B4E4-45CEDE054315}.Release|Any CPU.ActiveCfg = Release|Any CPU
		{74A1B6BA-A2D6-4699-B4E4-45CEDE054315}.Release|Any CPU.Build.0 = Release|Any CPU
	EndGlobalSection
	GlobalSection(SolutionProperties) = preSolution
		HideSolutionNode = FALSE
	EndGlobalSection
	GlobalSection(ExtensibilityGlobals) = postSolution
		SolutionGuid = {48F9C08C-F599-4EBB-8A6A-DF815CB2F648}
	EndGlobalSection
EndGlobal
