
Microsoft Visual Studio Solution File, Format Version 12.00
# Visual Studio Version 16
VisualStudioVersion = 16.0.35325.158
MinimumVisualStudioVersion = 10.0.40219.1
Project("{FAE04EC0-301F-11D3-BF4B-00C04F79EFBC}") = "Assessment-4", "Assessment-4\Assessment-4.csproj", "{49BECAFD-0BA0-42CC-949B-C0F1760A554B}"
EndProject
Global
	GlobalSection(SolutionConfigurationPlatforms) = preSolution
		Debug|Any CPU = Debug|Any CPU
		Release|Any CPU = Release|Any CPU
	EndGlobalSection
	GlobalSection(ProjectConfigurationPlatforms) = postSolution
		{49BECAFD-0BA0-42CC-949B-C0F1760A554B}.Debug|Any CPU.ActiveCfg = Debug|Any CPU
		{49BECAFD-0BA0-42CC-949B-C0F1760A554B}.Debug|Any CPU.Build.0 = Debug|Any CPU
		{49BECAFD-0BA0-42CC-949B-C0F1760A554B}.Release|Any CPU.ActiveCfg = Release|Any CPU
		{49BECAFD-0BA0-42CC-949B-C0F1760A554B}.Release|Any CPU.Build.0 = Release|Any CPU
	EndGlobalSection
	GlobalSection(SolutionProperties) = preSolution
		HideSolutionNode = FALSE
	EndGlobalSection
	GlobalSection(ExtensibilityGlobals) = postSolution
		SolutionGuid = {F1D25630-9111-48C8-A3EF-653CDF965C02}
	EndGlobalSection
EndGlobal
