
Microsoft Visual Studio Solution File, Format Version 12.00
# Visual Studio Version 16
VisualStudioVersion = 16.0.35325.158
MinimumVisualStudioVersion = 10.0.40219.1
Project("{FAE04EC0-301F-11D3-BF4B-00C04F79EFBC}") = "Tasks2", "Tasks2\Tasks2.csproj", "{FF4FDDD1-8A53-43B1-BD1A-327BFDBA4130}"
EndProject
Global
	GlobalSection(SolutionConfigurationPlatforms) = preSolution
		Debug|Any CPU = Debug|Any CPU
		Release|Any CPU = Release|Any CPU
	EndGlobalSection
	GlobalSection(ProjectConfigurationPlatforms) = postSolution
		{FF4FDDD1-8A53-43B1-BD1A-327BFDBA4130}.Debug|Any CPU.ActiveCfg = Debug|Any CPU
		{FF4FDDD1-8A53-43B1-BD1A-327BFDBA4130}.Debug|Any CPU.Build.0 = Debug|Any CPU
		{FF4FDDD1-8A53-43B1-BD1A-327BFDBA4130}.Release|Any CPU.ActiveCfg = Release|Any CPU
		{FF4FDDD1-8A53-43B1-BD1A-327BFDBA4130}.Release|Any CPU.Build.0 = Release|Any CPU
	EndGlobalSection
	GlobalSection(SolutionProperties) = preSolution
		HideSolutionNode = FALSE
	EndGlobalSection
	GlobalSection(ExtensibilityGlobals) = postSolution
		SolutionGuid = {B2C8CD7F-6E99-439D-84AD-6DB31A3CD65D}
	EndGlobalSection
EndGlobal
