
Microsoft Visual Studio Solution File, Format Version 12.00
# Visual Studio Version 16
VisualStudioVersion = 16.0.35325.158
MinimumVisualStudioVersion = 10.0.40219.1
Project("{FAE04EC0-301F-11D3-BF4B-00C04F79EFBC}") = "Assessment-1", "Assessment-1\Assessment-1.csproj", "{9303A9C6-B440-4BE6-9CAB-5546606BD217}"
EndProject
Global
	GlobalSection(SolutionConfigurationPlatforms) = preSolution
		Debug|Any CPU = Debug|Any CPU
		Release|Any CPU = Release|Any CPU
	EndGlobalSection
	GlobalSection(ProjectConfigurationPlatforms) = postSolution
		{9303A9C6-B440-4BE6-9CAB-5546606BD217}.Debug|Any CPU.ActiveCfg = Debug|Any CPU
		{9303A9C6-B440-4BE6-9CAB-5546606BD217}.Debug|Any CPU.Build.0 = Debug|Any CPU
		{9303A9C6-B440-4BE6-9CAB-5546606BD217}.Release|Any CPU.ActiveCfg = Release|Any CPU
		{9303A9C6-B440-4BE6-9CAB-5546606BD217}.Release|Any CPU.Build.0 = Release|Any CPU
	EndGlobalSection
	GlobalSection(SolutionProperties) = preSolution
		HideSolutionNode = FALSE
	EndGlobalSection
	GlobalSection(ExtensibilityGlobals) = postSolution
		SolutionGuid = {AD528E20-A143-4E9A-8DCF-6FB6DAE2E793}
	EndGlobalSection
EndGlobal
